// !$*UTF8*$!
{
	archiveVersion = 1;
	classes = {
	};
	objectVersion = 56;
	objects = {

/* Begin PBXBuildFile section */
		3F439B3829B52A8C00F9CA1D /* AppDelegate.swift in Sources */ = {isa = PBXBuildFile; fileRef = 3F439B3729B52A8C00F9CA1D /* AppDelegate.swift */; };
		3F439B4129B52A9200F9CA1D /* Assets.xcassets in Resources */ = {isa = PBXBuildFile; fileRef = 3F439B4029B52A9200F9CA1D /* Assets.xcassets */; };
		3F439B4429B52A9200F9CA1D /* LaunchScreen.storyboard in Resources */ = {isa = PBXBuildFile; fileRef = 3F439B4229B52A9200F9CA1D /* LaunchScreen.storyboard */; };
		3F439B4E29B52CC500F9CA1D /* CalendarViewController.swift in Sources */ = {isa = PBXBuildFile; fileRef = 3F439B4D29B52CC500F9CA1D /* CalendarViewController.swift */; };
		3F439B5029B52E3400F9CA1D /* CalendarHelper.swift in Sources */ = {isa = PBXBuildFile; fileRef = 3F439B4F29B52E3300F9CA1D /* CalendarHelper.swift */; };
		3F439B5229B52E9600F9CA1D /* CalendarDateCollectionViewCell.swift in Sources */ = {isa = PBXBuildFile; fileRef = 3F439B5129B52E9600F9CA1D /* CalendarDateCollectionViewCell.swift */; };
		3FCF0B4729BA870D000DADDC /* CalendarTwoViewCController.swift in Sources */ = {isa = PBXBuildFile; fileRef = 3FCF0B4629BA870D000DADDC /* CalendarTwoViewCController.swift */; };
/* End PBXBuildFile section */

/* Begin PBXFileReference section */
		3F439B3429B52A8C00F9CA1D /* CalendarTwo.app */ = {isa = PBXFileReference; explicitFileType = wrapper.application; includeInIndex = 0; path = CalendarTwo.app; sourceTree = BUILT_PRODUCTS_DIR; };
		3F439B3729B52A8C00F9CA1D /* AppDelegate.swift */ = {isa = PBXFileReference; lastKnownFileType = sourcecode.swift; path = AppDelegate.swift; sourceTree = "<group>"; };
		3F439B4029B52A9200F9CA1D /* Assets.xcassets */ = {isa = PBXFileReference; lastKnownFileType = folder.assetcatalog; path = Assets.xcassets; sourceTree = "<group>"; };
		3F439B4329B52A9200F9CA1D /* Base */ = {isa = PBXFileReference; lastKnownFileType = file.storyboard; name = Base; path = Base.lproj/LaunchScreen.storyboard; sourceTree = "<group>"; };
		3F439B4529B52A9200F9CA1D /* Info.plist */ = {isa = PBXFileReference; lastKnownFileType = text.plist.xml; path = Info.plist; sourceTree = "<group>"; };
		3F439B4D29B52CC500F9CA1D /* CalendarViewController.swift */ = {isa = PBXFileReference; lastKnownFileType = sourcecode.swift; path = CalendarViewController.swift; sourceTree = "<group>"; };
		3F439B4F29B52E3300F9CA1D /* CalendarHelper.swift */ = {isa = PBXFileReference; lastKnownFileType = sourcecode.swift; path = CalendarHelper.swift; sourceTree = "<group>"; };
		3F439B5129B52E9600F9CA1D /* CalendarDateCollectionViewCell.swift */ = {isa = PBXFileReference; lastKnownFileType = sourcecode.swift; path = CalendarDateCollectionViewCell.swift; sourceTree = "<group>"; };
		3FCF0B4629BA870D000DADDC /* CalendarTwoViewCController.swift */ = {isa = PBXFileReference; lastKnownFileType = sourcecode.swift; path = CalendarTwoViewCController.swift; sourceTree = "<group>"; };
/* End PBXFileReference section */

/* Begin PBXFrameworksBuildPhase section */
		3F439B3129B52A8C00F9CA1D /* Frameworks */ = {
			isa = PBXFrameworksBuildPhase;
			buildActionMask = 2147483647;
			files = (
			);
			runOnlyForDeploymentPostprocessing = 0;
		};
/* End PBXFrameworksBuildPhase section */

/* Begin PBXGroup section */
		3F439B2B29B52A8C00F9CA1D = {
			isa = PBXGroup;
			children = (
				3F439B3629B52A8C00F9CA1D /* CalendarTwo */,
				3F439B3529B52A8C00F9CA1D /* Products */,
			);
			sourceTree = "<group>";
		};
		3F439B3529B52A8C00F9CA1D /* Products */ = {
			isa = PBXGroup;
			children = (
				3F439B3429B52A8C00F9CA1D /* CalendarTwo.app */,
			);
			name = Products;
			sourceTree = "<group>";
		};
		3F439B3629B52A8C00F9CA1D /* CalendarTwo */ = {
			isa = PBXGroup;
			children = (
				3F439B4529B52A9200F9CA1D /* Info.plist */,
				3F439B4C29B52C3600F9CA1D /* Core */,
				3F439B4B29B52AA000F9CA1D /* Application */,
				3F439B4F29B52E3300F9CA1D /* CalendarHelper.swift */,
			);
			path = CalendarTwo;
			sourceTree = "<group>";
		};
		3F439B4B29B52AA000F9CA1D /* Application */ = {
			isa = PBXGroup;
			children = (
				3F439B3729B52A8C00F9CA1D /* AppDelegate.swift */,
				3F439B4029B52A9200F9CA1D /* Assets.xcassets */,
				3F439B4229B52A9200F9CA1D /* LaunchScreen.storyboard */,
			);
			path = Application;
			sourceTree = "<group>";
		};
		3F439B4C29B52C3600F9CA1D /* Core */ = {
			isa = PBXGroup;
			children = (
				3FCF0B4529BA86D9000DADDC /* Calendar2 */,
				3FCF0B4429BA86D1000DADDC /* Calendar1 */,
			);
			path = Core;
			sourceTree = "<group>";
		};
		3FCF0B4429BA86D1000DADDC /* Calendar1 */ = {
			isa = PBXGroup;
			children = (
				3F439B4D29B52CC500F9CA1D /* CalendarViewController.swift */,
				3F439B5129B52E9600F9CA1D /* CalendarDateCollectionViewCell.swift */,
			);
			path = Calendar1;
			sourceTree = "<group>";
		};
		3FCF0B4529BA86D9000DADDC /* Calendar2 */ = {
			isa = PBXGroup;
			children = (
				3FCF0B4629BA870D000DADDC /* CalendarTwoViewCController.swift */,
			);
			path = Calendar2;
			sourceTree = "<group>";
		};
/* End PBXGroup section */

/* Begin PBXNativeTarget section */
		3F439B3329B52A8C00F9CA1D /* CalendarTwo */ = {
			isa = PBXNativeTarget;
			buildConfigurationList = 3F439B4829B52A9200F9CA1D /* Build configuration list for PBXNativeTarget "CalendarTwo" */;
			buildPhases = (
				3F439B3029B52A8C00F9CA1D /* Sources */,
				3F439B3129B52A8C00F9CA1D /* Frameworks */,
				3F439B3229B52A8C00F9CA1D /* Resources */,
			);
			buildRules = (
			);
			dependencies = (
			);
			name = CalendarTwo;
			productName = CalendarTwo;
			productReference = 3F439B3429B52A8C00F9CA1D /* CalendarTwo.app */;
			productType = "com.apple.product-type.application";
		};
/* End PBXNativeTarget section */

/* Begin PBXProject section */
		3F439B2C29B52A8C00F9CA1D /* Project object */ = {
			isa = PBXProject;
			attributes = {
				BuildIndependentTargetsInParallel = 1;
				LastSwiftUpdateCheck = 1420;
				LastUpgradeCheck = 1420;
				TargetAttributes = {
					3F439B3329B52A8C00F9CA1D = {
						CreatedOnToolsVersion = 14.2;
					};
				};
			};
			buildConfigurationList = 3F439B2F29B52A8C00F9CA1D /* Build configuration list for PBXProject "CalendarTwo" */;
			compatibilityVersion = "Xcode 14.0";
			developmentRegion = en;
			hasScannedForEncodings = 0;
			knownRegions = (
				en,
				Base,
			);
			mainGroup = 3F439B2B29B52A8C00F9CA1D;
			productRefGroup = 3F439B3529B52A8C00F9CA1D /* Products */;
			projectDirPath = "";
			projectRoot = "";
			targets = (
				3F439B3329B52A8C00F9CA1D /* CalendarTwo */,
			);
		};
/* End PBXProject section */

/* Begin PBXResourcesBuildPhase section */
		3F439B3229B52A8C00F9CA1D /* Resources */ = {
			isa = PBXResourcesBuildPhase;
			buildActionMask = 2147483647;
			files = (
				3F439B4429B52A9200F9CA1D /* LaunchScreen.storyboard in Resources */,
				3F439B4129B52A9200F9CA1D /* Assets.xcassets in Resources */,
			);
			runOnlyForDeploymentPostprocessing = 0;
		};
/* End PBXResourcesBuildPhase section */

/* Begin PBXSourcesBuildPhase section */
		3F439B3029B52A8C00F9CA1D /* Sources */ = {
			isa = PBXSourcesBuildPhase;
			buildActionMask = 2147483647;
			files = (
				3FCF0B4729BA870D000DADDC /* CalendarTwoViewCController.swift in Sources */,
				3F439B4E29B52CC500F9CA1D /* CalendarViewController.swift in Sources */,
				3F439B5029B52E3400F9CA1D /* CalendarHelper.swift in Sources */,
				3F439B5229B52E9600F9CA1D /* CalendarDateCollectionViewCell.swift in Sources */,
				3F439B3829B52A8C00F9CA1D /* AppDelegate.swift in Sources */,
			);
			runOnlyForDeploymentPostprocessing = 0;
		};
/* End PBXSourcesBuildPhase section */

/* Begin PBXVariantGroup section */
		3F439B4229B52A9200F9CA1D /* LaunchScreen.storyboard */ = {
			isa = PBXVariantGroup;
			children = (
				3F439B4329B52A9200F9CA1D /* Base */,
			);
			name = LaunchScreen.storyboard;
			sourceTree = "<group>";
		};
/* End PBXVariantGroup section */

/* Begin XCBuildConfiguration section */
		3F439B4629B52A9200F9CA1D /* Debug */ = {
			isa = XCBuildConfiguration;
			buildSettings = {
				ALWAYS_SEARCH_USER_PATHS = NO;
				CLANG_ANALYZER_NONNULL = YES;
				CLANG_ANALYZER_NUMBER_OBJECT_CONVERSION = YES_AGGRESSIVE;
				CLANG_CXX_LANGUAGE_STANDARD = "gnu++20";
				CLANG_ENABLE_MODULES = YES;
				CLANG_ENABLE_OBJC_ARC = YES;
				CLANG_ENABLE_OBJC_WEAK = YES;
				CLANG_WARN_BLOCK_CAPTURE_AUTORELEASING = YES;
				CLANG_WARN_BOOL_CONVERSION = YES;
				CLANG_WARN_COMMA = YES;
				CLANG_WARN_CONSTANT_CONVERSION = YES;
				CLANG_WARN_DEPRECATED_OBJC_IMPLEMENTATIONS = YES;
				CLANG_WARN_DIRECT_OBJC_ISA_USAGE = YES_ERROR;
				CLANG_WARN_DOCUMENTATION_COMMENTS = YES;
				CLANG_WARN_EMPTY_BODY = YES;
				CLANG_WARN_ENUM_CONVERSION = YES;
				CLANG_WARN_INFINITE_RECURSION = YES;
				CLANG_WARN_INT_CONVERSION = YES;
				CLANG_WARN_NON_LITERAL_NULL_CONVERSION = YES;
				CLANG_WARN_OBJC_IMPLICIT_RETAIN_SELF = YES;
				CLANG_WARN_OBJC_LITERAL_CONVERSION = YES;
				CLANG_WARN_OBJC_ROOT_CLASS = YES_ERROR;
				CLANG_WARN_QUOTED_INCLUDE_IN_FRAMEWORK_HEADER = YES;
				CLANG_WARN_RANGE_LOOP_ANALYSIS = YES;
				CLANG_WARN_STRICT_PROTOTYPES = YES;
				CLANG_WARN_SUSPICIOUS_MOVE = YES;
				CLANG_WARN_UNGUARDED_AVAILABILITY = YES_AGGRESSIVE;
				CLANG_WARN_UNREACHABLE_CODE = YES;
				CLANG_WARN__DUPLICATE_METHOD_MATCH = YES;
				COPY_PHASE_STRIP = NO;
				DEBUG_INFORMATION_FORMAT = dwarf;
				ENABLE_STRICT_OBJC_MSGSEND = YES;
				ENABLE_TESTABILITY = YES;
				GCC_C_LANGUAGE_STANDARD = gnu11;
				GCC_DYNAMIC_NO_PIC = NO;
				GCC_NO_COMMON_BLOCKS = YES;
				GCC_OPTIMIZATION_LEVEL = 0;
				GCC_PREPROCESSOR_DEFINITIONS = (
					"DEBUG=1",
					"$(inherited)",
				);
				GCC_WARN_64_TO_32_BIT_CONVERSION = YES;
				GCC_WARN_ABOUT_RETURN_TYPE = YES_ERROR;
				GCC_WARN_UNDECLARED_SELECTOR = YES;
				GCC_WARN_UNINITIALIZED_AUTOS = YES_AGGRESSIVE;
				GCC_WARN_UNUSED_FUNCTION = YES;
				GCC_WARN_UNUSED_VARIABLE = YES;
				IPHONEOS_DEPLOYMENT_TARGET = 16.2;
				MTL_ENABLE_DEBUG_INFO = INCLUDE_SOURCE;
				MTL_FAST_MATH = YES;
				ONLY_ACTIVE_ARCH = YES;
				SDKROOT = iphoneos;
				SWIFT_ACTIVE_COMPILATION_CONDITIONS = DEBUG;
				SWIFT_OPTIMIZATION_LEVEL = "-Onone";
			};
			name = Debug;
		};
		3F439B4729B52A9200F9CA1D /* Release */ = {
			isa = XCBuildConfiguration;
			buildSettings = {
				ALWAYS_SEARCH_USER_PATHS = NO;
				CLANG_ANALYZER_NONNULL = YES;
				CLANG_ANALYZER_NUMBER_OBJECT_CONVERSION = YES_AGGRESSIVE;
				CLANG_CXX_LANGUAGE_STANDARD = "gnu++20";
				CLANG_ENABLE_MODULES = YES;
				CLANG_ENABLE_OBJC_ARC = YES;
				CLANG_ENABLE_OBJC_WEAK = YES;
				CLANG_WARN_BLOCK_CAPTURE_AUTORELEASING = YES;
				CLANG_WARN_BOOL_CONVERSION = YES;
				CLANG_WARN_COMMA = YES;
				CLANG_WARN_CONSTANT_CONVERSION = YES;
				CLANG_WARN_DEPRECATED_OBJC_IMPLEMENTATIONS = YES;
				CLANG_WARN_DIRECT_OBJC_ISA_USAGE = YES_ERROR;
				CLANG_WARN_DOCUMENTATION_COMMENTS = YES;
				CLANG_WARN_EMPTY_BODY = YES;
				CLANG_WARN_ENUM_CONVERSION = YES;
				CLANG_WARN_INFINITE_RECURSION = YES;
				CLANG_WARN_INT_CONVERSION = YES;
				CLANG_WARN_NON_LITERAL_NULL_CONVERSION = YES;
				CLANG_WARN_OBJC_IMPLICIT_RETAIN_SELF = YES;
				CLANG_WARN_OBJC_LITERAL_CONVERSION = YES;
				CLANG_WARN_OBJC_ROOT_CLASS = YES_ERROR;
				CLANG_WARN_QUOTED_INCLUDE_IN_FRAMEWORK_HEADER = YES;
				CLANG_WARN_RANGE_LOOP_ANALYSIS = YES;
				CLANG_WARN_STRICT_PROTOTYPES = YES;
				CLANG_WARN_SUSPICIOUS_MOVE = YES;
				CLANG_WARN_UNGUARDED_AVAILABILITY = YES_AGGRESSIVE;
				CLANG_WARN_UNREACHABLE_CODE = YES;
				CLANG_WARN__DUPLICATE_METHOD_MATCH = YES;
				COPY_PHASE_STRIP = NO;
				DEBUG_INFORMATION_FORMAT = "dwarf-with-dsym";
				ENABLE_NS_ASSERTIONS = NO;
				ENABLE_STRICT_OBJC_MSGSEND = YES;
				GCC_C_LANGUAGE_STANDARD = gnu11;
				GCC_NO_COMMON_BLOCKS = YES;
				GCC_WARN_64_TO_32_BIT_CONVERSION = YES;
				GCC_WARN_ABOUT_RETURN_TYPE = YES_ERROR;
				GCC_WARN_UNDECLARED_SELECTOR = YES;
				GCC_WARN_UNINITIALIZED_AUTOS = YES_AGGRESSIVE;
				GCC_WARN_UNUSED_FUNCTION = YES;
				GCC_WARN_UNUSED_VARIABLE = YES;
				IPHONEOS_DEPLOYMENT_TARGET = 16.2;
				MTL_ENABLE_DEBUG_INFO = NO;
				MTL_FAST_MATH = YES;
				SDKROOT = iphoneos;
				SWIFT_COMPILATION_MODE = wholemodule;
				SWIFT_OPTIMIZATION_LEVEL = "-O";
				VALIDATE_PRODUCT = YES;
			};
			name = Release;
		};
		3F439B4929B52A9200F9CA1D /* Debug */ = {
			isa = XCBuildConfiguration;
			buildSettings = {
				ASSETCATALOG_COMPILER_APPICON_NAME = AppIcon;
				ASSETCATALOG_COMPILER_GLOBAL_ACCENT_COLOR_NAME = AccentColor;
				CODE_SIGN_STYLE = Automatic;
				CURRENT_PROJECT_VERSION = 1;
				DEVELOPMENT_TEAM = SCAXYYK485;
				GENERATE_INFOPLIST_FILE = YES;
				INFOPLIST_FILE = CalendarTwo/Info.plist;
				INFOPLIST_KEY_UIApplicationSupportsIndirectInputEvents = YES;
				INFOPLIST_KEY_UILaunchStoryboardName = LaunchScreen;
				INFOPLIST_KEY_UISupportedInterfaceOrientations_iPad = "UIInterfaceOrientationPortrait UIInterfaceOrientationPortraitUpsideDown UIInterfaceOrientationLandscapeLeft UIInterfaceOrientationLandscapeRight";
				INFOPLIST_KEY_UISupportedInterfaceOrientations_iPhone = "UIInterfaceOrientationPortrait UIInterfaceOrientationLandscapeLeft UIInterfaceOrientationLandscapeRight";
				LD_RUNPATH_SEARCH_PATHS = (
					"$(inherited)",
					"@executable_path/Frameworks",
				);
				MARKETING_VERSION = 1.0;
				PRODUCT_BUNDLE_IDENTIFIER = com.sam.CalendarTwo;
				PRODUCT_NAME = "$(TARGET_NAME)";
				SWIFT_EMIT_LOC_STRINGS = YES;
				SWIFT_VERSION = 5.0;
				TARGETED_DEVICE_FAMILY = "1,2";
			};
			name = Debug;
		};
		3F439B4A29B52A9200F9CA1D /* Release */ = {
			isa = XCBuildConfiguration;
			buildSettings = {
				ASSETCATALOG_COMPILER_APPICON_NAME = AppIcon;
				ASSETCATALOG_COMPILER_GLOBAL_ACCENT_COLOR_NAME = AccentColor;
				CODE_SIGN_STYLE = Automatic;
				CURRENT_PROJECT_VERSION = 1;
				DEVELOPMENT_TEAM = SCAXYYK485;
				GENERATE_INFOPLIST_FILE = YES;
				INFOPLIST_FILE = CalendarTwo/Info.plist;
				INFOPLIST_KEY_UIApplicationSupportsIndirectInputEvents = YES;
				INFOPLIST_KEY_UILaunchStoryboardName = LaunchScreen;
				INFOPLIST_KEY_UISupportedInterfaceOrientations_iPad = "UIInterfaceOrientationPortrait UIInterfaceOrientationPortraitUpsideDown UIInterfaceOrientationLandscapeLeft UIInterfaceOrientationLandscapeRight";
				INFOPLIST_KEY_UISupportedInterfaceOrientations_iPhone = "UIInterfaceOrientationPortrait UIInterfaceOrientationLandscapeLeft UIInterfaceOrientationLandscapeRight";
				LD_RUNPATH_SEARCH_PATHS = (
					"$(inherited)",
					"@executable_path/Frameworks",
				);
				MARKETING_VERSION = 1.0;
				PRODUCT_BUNDLE_IDENTIFIER = com.sam.CalendarTwo;
				PRODUCT_NAME = "$(TARGET_NAME)";
				SWIFT_EMIT_LOC_STRINGS = YES;
				SWIFT_VERSION = 5.0;
				TARGETED_DEVICE_FAMILY = "1,2";
			};
			name = Release;
		};
/* End XCBuildConfiguration section */

/* Begin XCConfigurationList section */
		3F439B2F29B52A8C00F9CA1D /* Build configuration list for PBXProject "CalendarTwo" */ = {
			isa = XCConfigurationList;
			buildConfigurations = (
				3F439B4629B52A9200F9CA1D /* Debug */,
				3F439B4729B52A9200F9CA1D /* Release */,
			);
			defaultConfigurationIsVisible = 0;
			defaultConfigurationName = Release;
		};
		3F439B4829B52A9200F9CA1D /* Build configuration list for PBXNativeTarget "CalendarTwo" */ = {
			isa = XCConfigurationList;
			buildConfigurations = (
				3F439B4929B52A9200F9CA1D /* Debug */,
				3F439B4A29B52A9200F9CA1D /* Release */,
			);
			defaultConfigurationIsVisible = 0;
			defaultConfigurationName = Release;
		};
/* End XCConfigurationList section */
	};
	rootObject = 3F439B2C29B52A8C00F9CA1D /* Project object */;
}
